<?xml version="1.0" encoding="UTF-8"?>
<Scheme
   version = "1.3">
   <BuildAction>
      <BuildActionEntries>
         <BuildActionEntry
            buildForRunning = "YES">
            <BuildableReference
               BuildableIdentifier = "primary"
               BlueprintIdentifier = "9AB5D15BC6E3627D749244A6"
               BuildableName = "AerialsIOS.app"
               BlueprintName = "AerialsIOS"
               ReferencedContainer = "container:AerialsIOS.xcodeproj">
            </BuildableReference>
         </BuildActionEntry>
      </BuildActionEntries>
   </BuildAction>
   <LaunchAction
      useCustomWorkingDirectory = "NO"
      buildConfiguration = "Debug">
      <BuildableProductRunnable>
         <BuildableReference
            BuildableIdentifier = "primary"
            BlueprintIdentifier = "9AB5D15BC6E3627D749244A6"
            BuildableName = "AerialsIOS.app"
            BlueprintName = "AerialsIOS"
            ReferencedContainer = "container:AerialsIOS.xcodeproj">
         </BuildableReference>
      </BuildableProductRunnable>
   </LaunchAction>
</Scheme>
